{
  "name": "nexus-main",
  "version": "1.0.18",
  "lockfileVersion": 3,
  "requires": true,
  "packages": {
    "": {
      "name": "nexus-main",
      "version": "1.0.18",
      "dependencies": {
        "unleash-proxy-client": "^3.7.6"
      }
    },
    "node_modules/tiny-emitter": {
      "version": "2.1.0",
      "resolved": "https://registry.npmjs.org/tiny-emitter/-/tiny-emitter-2.1.0.tgz",
      "integrity": "sha512-NB6Dk1A9xgQPMoGqC5CVXn123gWyte215ONT5Pp5a0yt4nlEoO1ZWeCwpncaekPHXO60i47ihFnZPiRPjRMq4Q==",
      "license": "MIT"
    },
    "node_modules/unleash-proxy-client": {
      "version": "3.7.6",
      "resolved": "https://registry.npmjs.org/unleash-proxy-client/-/unleash-proxy-client-3.7.6.tgz",
      "integrity": "sha512-ft3KpFySRL7kY07DL9INh9q0E1hZj+ORR69ZCKpdeag0byn6gR7TMZenS1yF3Lh4zSNpTnprSjb8mmr3Nx3deg==",
      "license": "Apache-2.0",
      "dependencies": {
        "tiny-emitter": "^2.1.0",
        "uuid": "^9.0.1"
      }
    },
    "node_modules/uuid": {
      "version": "9.0.1",
      "resolved": "https://registry.npmjs.org/uuid/-/uuid-9.0.1.tgz",
      "integrity": "sha512-b+1eJOlsR9K8HJpow9Ok3fiWOWSIcIzXodvv0rQjVoOVNpWMpxf1wZNpt4y9h10odCNrqnYp1OBzRktckBe3sA==",
      "funding": [
        "https://github.com/sponsors/broofa",
        "https://github.com/sponsors/ctavan"
      ],
      "license": "MIT",
      "bin": {
        "uuid": "dist/bin/uuid"
      }
    }
  }
}
